{
  "name": "ts-max-call-stack",
  "version": "1.0.0",
  "lockfileVersion": 1,
  "requires": true,
  "dependencies": {
    "@types/graphql": {
      "version": "14.2.0",
      "resolved": "https://registry.npmjs.org/@types/graphql/-/graphql-14.2.0.tgz",
      "integrity": "sha512-lELg5m6eBOmATWyCZl8qULEOvnPIUG6B443yXKj930glXIgwQirIBPp5rthP2amJW0YSzUg2s5sfgba4mRRCNw=="
    },
    "@types/node": {
      "version": "11.13.9",
      "resolved": "https://registry.npmjs.org/@types/node/-/node-11.13.9.tgz",
      "integrity": "sha512-NJ4yuEVw5podZbINp3tEqUIImMSAEHaCXRiWCf3KC32l6hIKf0iPJEh2uZdT0fELfRYk310yLmMXqy2leZQUbg=="
    },
    "graphql-compose": {
      "version": "7.0.1",
      "resolved": "https://registry.npmjs.org/graphql-compose/-/graphql-compose-7.0.1.tgz",
      "integrity": "sha512-u8vdbWlDzC8KyQqmLKOxzLoBGKIOhnvrFYJ0biAX8SuA9MWCmkIJL15pwuOb7uRSTY4B/jKU8GOhCD66MFR3kQ==",
      "requires": {
        "graphql-type-json": "^0.3.0",
        "object-path": "^0.11.4"
      }
    },
    "graphql-type-json": {
      "version": "0.3.0",
      "resolved": "https://registry.npmjs.org/graphql-type-json/-/graphql-type-json-0.3.0.tgz",
      "integrity": "sha512-lnxg5HiB95yxy+/5cDKtP6pZo0zgntsOmqsjeCBXFGJ4YoMF3+1YaSEKWJntNTu+VsAm3zf6lPxFpp1kxzofLA=="
    },
    "object-path": {
      "version": "0.11.4",
      "resolved": "https://registry.npmjs.org/object-path/-/object-path-0.11.4.tgz",
      "integrity": "sha1-NwrnUvvzfePqcKhhwju6iRVpGUk="
    },
    "typescript": {
      "version": "3.4.5",
      "resolved": "https://registry.npmjs.org/typescript/-/typescript-3.4.5.tgz",
      "integrity": "sha512-YycBxUb49UUhdNMU5aJ7z5Ej2XGmaIBL0x34vZ82fn3hGvD+bgrMrVDpatgz2f7YxUMJxMkbWxJZeAvDxVe7Vw=="
    }
  }
}
